{
  "projects": [
    {
      "projectId": "oAPsVEPE9NjWT8tDm6c68U",
      "version": "latest",
      "dependencies": {},
      "lang": "ts",
      "fileLocks": [
        {
          "type": "globalVariant",
          "assetId": "a93oW3opi6f1",
          "checksum": "dd25d464534e8a9a05ac211378095a56"
        },
        {
          "type": "renderModule",
          "assetId": "EuARWIELEhu",
          "checksum": "5fd26f255f619968fbac31e6086f32f1"
        },
        {
          "type": "cssRules",
          "assetId": "EuARWIELEhu",
          "checksum": "5fd26f255f619968fbac31e6086f32f1"
        },
        {
          "type": "renderModule",
          "assetId": "UykUXnw_yz",
          "checksum": "3508ea7b80ad8a0bcb2cd7f24b6764c7"
        },
        {
          "type": "cssRules",
          "assetId": "UykUXnw_yz",
          "checksum": "3508ea7b80ad8a0bcb2cd7f24b6764c7"
        },
        {
          "type": "renderModule",
          "assetId": "0aRDxPuCXW",
          "checksum": "b53afbd5b69ae767c24af5361f6c0534"
        },
        {
          "type": "cssRules",
          "assetId": "0aRDxPuCXW",
          "checksum": "b53afbd5b69ae767c24af5361f6c0534"
        },
        {
          "assetId": "oAPsVEPE9NjWT8tDm6c68U",
          "type": "projectCss",
          "checksum": "b74d604c083a3fe19607eba1ee11bf87"
        },
        {
          "type": "renderModule",
          "assetId": "ftTiqKUdVef",
          "checksum": "9e8be9717f3c4bb1b754c1a0695cc0d0"
        },
        {
          "type": "cssRules",
          "assetId": "ftTiqKUdVef",
          "checksum": "9e8be9717f3c4bb1b754c1a0695cc0d0"
        },
        {
          "type": "icon",
          "assetId": "HWyjlWTytgZ",
          "checksum": "fe76639dd2fc037aca56e74865a9e595"
        },
        {
          "type": "icon",
          "assetId": "KuQoqt-2Kl1",
          "checksum": "170acd839ed0580c132a8897becdece7"
        }
      ],
      "codegenVersion": "0.0.1"
    }
  ],
  "cliVersion": "0.1.192"
}
