{
  "projects": [
    {
      "projectId": "oAPsVEPE9NjWT8tDm6c68U",
      "version": "latest",
      "dependencies": {},
      "lang": "ts",
      "fileLocks": [
        {
          "type": "globalVariant",
          "assetId": "a93oW3opi6f1",
          "checksum": "dd25d464534e8a9a05ac211378095a56"
        },
        {
          "type": "renderModule",
          "assetId": "EuARWIELEhu",
          "checksum": "2611880ac17b484deeb43b439fbd56a4"
        },
        {
          "type": "cssRules",
          "assetId": "EuARWIELEhu",
          "checksum": "2611880ac17b484deeb43b439fbd56a4"
        },
        {
          "type": "renderModule",
          "assetId": "UykUXnw_yz",
          "checksum": "67bb42e3c7d1b9c987c007fa90db2567"
        },
        {
          "type": "cssRules",
          "assetId": "UykUXnw_yz",
          "checksum": "67bb42e3c7d1b9c987c007fa90db2567"
        },
        {
          "type": "renderModule",
          "assetId": "ZSvJdJykEB",
          "checksum": "e8e0d3c000bc20b3dbb4756af1e7bdaf"
        },
        {
          "type": "cssRules",
          "assetId": "ZSvJdJykEB",
          "checksum": "e8e0d3c000bc20b3dbb4756af1e7bdaf"
        },
        {
          "assetId": "oAPsVEPE9NjWT8tDm6c68U",
          "type": "projectCss",
          "checksum": "4120fddcc99f718d6ff8b8dbb8ab9f3f"
        },
        {
          "type": "renderModule",
          "assetId": "0aRDxPuCXW",
          "checksum": "c2f13fe29d2df03b43fffeeed41fe6b7"
        },
        {
          "type": "cssRules",
          "assetId": "0aRDxPuCXW",
          "checksum": "c2f13fe29d2df03b43fffeeed41fe6b7"
        }
      ],
      "codegenVersion": "0.0.1"
    }
  ],
  "cliVersion": "0.1.192"
}
